# This file is generated by running "yarn install" inside your project.
# Manual changes might be lost - proceed with caution!

__metadata:
  version: 6
  cacheKey: 8

"@bokken/npm-test@npm:1.0.1":
  version: 1.0.1
  resolution: "@bokken/npm-test@npm:1.0.1"
  checksum: edb79c927d957048dadbeb38662c7559d6ee9d2b6d40c98942ca5f550f32f66e5dbaabab399da07c629022cea054679597ef8d85d30a5f89bf55da06933a6957
  languageName: node
  linkType: hard

"renovate-private-package-repro@workspace:.":
  version: 0.0.0-use.local
  resolution: "renovate-private-package-repro@workspace:."
  dependencies:
    "@bokken/npm-test": 1.0.1
  languageName: unknown
  linkType: soft
