# This file is generated by running "yarn install" inside your project.
# Manual changes might be lost - proceed with caution!

__metadata:
  version: 6
  cacheKey: 8

"@bokken/npm-test@npm:1.0.0":
  version: 1.0.0
  resolution: "@bokken/npm-test@npm:1.0.0"
  checksum: 0bf7b69b5ad6da062203b95c4c49ebfe633f1d868a3f1262a5866b3201c8986d4ddef41029c2ec9378ac99408eea9b44d86f412bf8088092c8b3c35135463278
  languageName: node
  linkType: hard

"renovate-private-package-repro@workspace:.":
  version: 0.0.0-use.local
  resolution: "renovate-private-package-repro@workspace:."
  dependencies:
    "@bokken/npm-test": 1.0.0
  languageName: unknown
  linkType: soft
